// !$*UTF8*$!
{
	archiveVersion = 1;
	classes = {
	};
	objectVersion = 56;
	objects = {

/* Begin PBXBuildFile section */
		B429400729C4E12200D71481 /* SignInEmailView.swift in Sources */ = {isa = PBXBuildFile; fileRef = B429400629C4E12200D71481 /* SignInEmailView.swift */; };
		B429400929C4E46700D71481 /* AuthenticationManager.swift in Sources */ = {isa = PBXBuildFile; fileRef = B429400829C4E46700D71481 /* AuthenticationManager.swift */; };
		B429400B29C6147F00D71481 /* RootView.swift in Sources */ = {isa = PBXBuildFile; fileRef = B429400A29C6147F00D71481 /* RootView.swift */; };
		B429400D29C62AE800D71481 /* SettingsView.swift in Sources */ = {isa = PBXBuildFile; fileRef = B429400C29C62AE800D71481 /* SettingsView.swift */; };
		B434826429EADC05007CDB49 /* GoogleSignIn in Frameworks */ = {isa = PBXBuildFile; productRef = B434826329EADC05007CDB49 /* GoogleSignIn */; };
		B434826629EADC05007CDB49 /* GoogleSignInSwift in Frameworks */ = {isa = PBXBuildFile; productRef = B434826529EADC05007CDB49 /* GoogleSignInSwift */; };
		B434826D29EAE3B6007CDB49 /* Utilities.swift in Sources */ = {isa = PBXBuildFile; fileRef = B434826C29EAE3B5007CDB49 /* Utilities.swift */; };
		B4A1CA5E29C3BD0A006C84DA /* FullFirebaseFunctionsApp.swift in Sources */ = {isa = PBXBuildFile; fileRef = B4A1CA5D29C3BD0A006C84DA /* FullFirebaseFunctionsApp.swift */; };
		B4A1CA6029C3BD0A006C84DA /* ContentView.swift in Sources */ = {isa = PBXBuildFile; fileRef = B4A1CA5F29C3BD0A006C84DA /* ContentView.swift */; };
		B4A1CA6229C3BD0C006C84DA /* Assets.xcassets in Resources */ = {isa = PBXBuildFile; fileRef = B4A1CA6129C3BD0C006C84DA /* Assets.xcassets */; };
		B4A1CA6529C3BD0C006C84DA /* Preview Assets.xcassets in Resources */ = {isa = PBXBuildFile; fileRef = B4A1CA6429C3BD0C006C84DA /* Preview Assets.xcassets */; };
		B4A1CA6C29C3C1BF006C84DA /* GoogleService-Info.plist in Resources */ = {isa = PBXBuildFile; fileRef = B4A1CA6B29C3C1BF006C84DA /* GoogleService-Info.plist */; };
		B4A1CA6F29C3C2E7006C84DA /* FirebaseAnalytics in Frameworks */ = {isa = PBXBuildFile; productRef = B4A1CA6E29C3C2E7006C84DA /* FirebaseAnalytics */; };
		B4A1CA7129C3C2E7006C84DA /* FirebaseAnalyticsSwift in Frameworks */ = {isa = PBXBuildFile; productRef = B4A1CA7029C3C2E7006C84DA /* FirebaseAnalyticsSwift */; };
		B4A1CA7429C3C6A1006C84DA /* FirebaseAuth in Frameworks */ = {isa = PBXBuildFile; productRef = B4A1CA7329C3C6A1006C84DA /* FirebaseAuth */; };
		B4A1CA7729C3CADD006C84DA /* AuthenticationView.swift in Sources */ = {isa = PBXBuildFile; fileRef = B4A1CA7629C3CADD006C84DA /* AuthenticationView.swift */; };
/* End PBXBuildFile section */

/* Begin PBXFileReference section */
		B429400629C4E12200D71481 /* SignInEmailView.swift */ = {isa = PBXFileReference; lastKnownFileType = sourcecode.swift; path = SignInEmailView.swift; sourceTree = "<group>"; };
		B429400829C4E46700D71481 /* AuthenticationManager.swift */ = {isa = PBXFileReference; lastKnownFileType = sourcecode.swift; path = AuthenticationManager.swift; sourceTree = "<group>"; };
		B429400A29C6147F00D71481 /* RootView.swift */ = {isa = PBXFileReference; lastKnownFileType = sourcecode.swift; path = RootView.swift; sourceTree = "<group>"; };
		B429400C29C62AE800D71481 /* SettingsView.swift */ = {isa = PBXFileReference; lastKnownFileType = sourcecode.swift; path = SettingsView.swift; sourceTree = "<group>"; };
		B434826729EADC62007CDB49 /* Info.plist */ = {isa = PBXFileReference; lastKnownFileType = text.plist; path = Info.plist; sourceTree = "<group>"; };
		B434826C29EAE3B5007CDB49 /* Utilities.swift */ = {isa = PBXFileReference; lastKnownFileType = sourcecode.swift; path = Utilities.swift; sourceTree = "<group>"; };
		B4A1CA5A29C3BD0A006C84DA /* FullFirebaseFunctions.app */ = {isa = PBXFileReference; explicitFileType = wrapper.application; includeInIndex = 0; path = FullFirebaseFunctions.app; sourceTree = BUILT_PRODUCTS_DIR; };
		B4A1CA5D29C3BD0A006C84DA /* FullFirebaseFunctionsApp.swift */ = {isa = PBXFileReference; lastKnownFileType = sourcecode.swift; path = FullFirebaseFunctionsApp.swift; sourceTree = "<group>"; };
		B4A1CA5F29C3BD0A006C84DA /* ContentView.swift */ = {isa = PBXFileReference; lastKnownFileType = sourcecode.swift; path = ContentView.swift; sourceTree = "<group>"; };
		B4A1CA6129C3BD0C006C84DA /* Assets.xcassets */ = {isa = PBXFileReference; lastKnownFileType = folder.assetcatalog; path = Assets.xcassets; sourceTree = "<group>"; };
		B4A1CA6429C3BD0C006C84DA /* Preview Assets.xcassets */ = {isa = PBXFileReference; lastKnownFileType = folder.assetcatalog; path = "Preview Assets.xcassets"; sourceTree = "<group>"; };
		B4A1CA6B29C3C1BF006C84DA /* GoogleService-Info.plist */ = {isa = PBXFileReference; fileEncoding = 4; lastKnownFileType = text.plist.xml; path = "GoogleService-Info.plist"; sourceTree = "<group>"; };
		B4A1CA7629C3CADD006C84DA /* AuthenticationView.swift */ = {isa = PBXFileReference; lastKnownFileType = sourcecode.swift; path = AuthenticationView.swift; sourceTree = "<group>"; };
/* End PBXFileReference section */

/* Begin PBXFrameworksBuildPhase section */
		B4A1CA5729C3BD0A006C84DA /* Frameworks */ = {
			isa = PBXFrameworksBuildPhase;
			buildActionMask = 2147483647;
			files = (
				B434826629EADC05007CDB49 /* GoogleSignInSwift in Frameworks */,
				B4A1CA7129C3C2E7006C84DA /* FirebaseAnalyticsSwift in Frameworks */,
				B434826429EADC05007CDB49 /* GoogleSignIn in Frameworks */,
				B4A1CA7429C3C6A1006C84DA /* FirebaseAuth in Frameworks */,
				B4A1CA6F29C3C2E7006C84DA /* FirebaseAnalytics in Frameworks */,
			);
			runOnlyForDeploymentPostprocessing = 0;
		};
/* End PBXFrameworksBuildPhase section */

/* Begin PBXGroup section */
		B434826B29EAE388007CDB49 /* Utilities */ = {
			isa = PBXGroup;
			children = (
				B434826C29EAE3B5007CDB49 /* Utilities.swift */,
			);
			path = Utilities;
			sourceTree = "<group>";
		};
		B4A1CA5129C3BD0A006C84DA = {
			isa = PBXGroup;
			children = (
				B4A1CA5C29C3BD0A006C84DA /* FullFirebaseFunctions */,
				B4A1CA5B29C3BD0A006C84DA /* Products */,
				B4A1CA7229C3C6A1006C84DA /* Frameworks */,
			);
			sourceTree = "<group>";
		};
		B4A1CA5B29C3BD0A006C84DA /* Products */ = {
			isa = PBXGroup;
			children = (
				B4A1CA5A29C3BD0A006C84DA /* FullFirebaseFunctions.app */,
			);
			name = Products;
			sourceTree = "<group>";
		};
		B4A1CA5C29C3BD0A006C84DA /* FullFirebaseFunctions */ = {
			isa = PBXGroup;
			children = (
				B434826729EADC62007CDB49 /* Info.plist */,
				B4A1CA5D29C3BD0A006C84DA /* FullFirebaseFunctionsApp.swift */,
				B4A1CA5F29C3BD0A006C84DA /* ContentView.swift */,
				B434826B29EAE388007CDB49 /* Utilities */,
				B4A1CA7529C3CAA5006C84DA /* Authentication */,
				B4A1CA6B29C3C1BF006C84DA /* GoogleService-Info.plist */,
				B4A1CA6129C3BD0C006C84DA /* Assets.xcassets */,
				B4A1CA6329C3BD0C006C84DA /* Preview Content */,
			);
			path = FullFirebaseFunctions;
			sourceTree = "<group>";
		};
		B4A1CA6329C3BD0C006C84DA /* Preview Content */ = {
			isa = PBXGroup;
			children = (
				B4A1CA6429C3BD0C006C84DA /* Preview Assets.xcassets */,
			);
			path = "Preview Content";
			sourceTree = "<group>";
		};
		B4A1CA7229C3C6A1006C84DA /* Frameworks */ = {
			isa = PBXGroup;
			children = (
			);
			name = Frameworks;
			sourceTree = "<group>";
		};
		B4A1CA7529C3CAA5006C84DA /* Authentication */ = {
			isa = PBXGroup;
			children = (
				B429400A29C6147F00D71481 /* RootView.swift */,
				B4A1CA7629C3CADD006C84DA /* AuthenticationView.swift */,
				B429400629C4E12200D71481 /* SignInEmailView.swift */,
				B429400C29C62AE800D71481 /* SettingsView.swift */,
				B429400829C4E46700D71481 /* AuthenticationManager.swift */,
			);
			path = Authentication;
			sourceTree = "<group>";
		};
/* End PBXGroup section */

/* Begin PBXNativeTarget section */
		B4A1CA5929C3BD0A006C84DA /* FullFirebaseFunctions */ = {
			isa = PBXNativeTarget;
			buildConfigurationList = B4A1CA6829C3BD0C006C84DA /* Build configuration list for PBXNativeTarget "FullFirebaseFunctions" */;
			buildPhases = (
				B4A1CA5629C3BD0A006C84DA /* Sources */,
				B4A1CA5729C3BD0A006C84DA /* Frameworks */,
				B4A1CA5829C3BD0A006C84DA /* Resources */,
			);
			buildRules = (
			);
			dependencies = (
			);
			name = FullFirebaseFunctions;
			packageProductDependencies = (
				B4A1CA6E29C3C2E7006C84DA /* FirebaseAnalytics */,
				B4A1CA7029C3C2E7006C84DA /* FirebaseAnalyticsSwift */,
				B4A1CA7329C3C6A1006C84DA /* FirebaseAuth */,
				B434826329EADC05007CDB49 /* GoogleSignIn */,
				B434826529EADC05007CDB49 /* GoogleSignInSwift */,
			);
			productName = FullFirebaseFunctions;
			productReference = B4A1CA5A29C3BD0A006C84DA /* FullFirebaseFunctions.app */;
			productType = "com.apple.product-type.application";
		};
/* End PBXNativeTarget section */

/* Begin PBXProject section */
		B4A1CA5229C3BD0A006C84DA /* Project object */ = {
			isa = PBXProject;
			attributes = {
				BuildIndependentTargetsInParallel = 1;
				LastSwiftUpdateCheck = 1420;
				LastUpgradeCheck = 1420;
				TargetAttributes = {
					B4A1CA5929C3BD0A006C84DA = {
						CreatedOnToolsVersion = 14.2;
					};
				};
			};
			buildConfigurationList = B4A1CA5529C3BD0A006C84DA /* Build configuration list for PBXProject "FullFirebaseFunctions" */;
			compatibilityVersion = "Xcode 14.0";
			developmentRegion = en;
			hasScannedForEncodings = 0;
			knownRegions = (
				en,
				Base,
			);
			mainGroup = B4A1CA5129C3BD0A006C84DA;
			packageReferences = (
				B4A1CA6D29C3C2E7006C84DA /* XCRemoteSwiftPackageReference "firebase-ios-sdk" */,
				B434826229EADC04007CDB49 /* XCRemoteSwiftPackageReference "GoogleSignIn-iOS" */,
			);
			productRefGroup = B4A1CA5B29C3BD0A006C84DA /* Products */;
			projectDirPath = "";
			projectRoot = "";
			targets = (
				B4A1CA5929C3BD0A006C84DA /* FullFirebaseFunctions */,
			);
		};
/* End PBXProject section */

/* Begin PBXResourcesBuildPhase section */
		B4A1CA5829C3BD0A006C84DA /* Resources */ = {
			isa = PBXResourcesBuildPhase;
			buildActionMask = 2147483647;
			files = (
				B4A1CA6529C3BD0C006C84DA /* Preview Assets.xcassets in Resources */,
				B4A1CA6229C3BD0C006C84DA /* Assets.xcassets in Resources */,
				B4A1CA6C29C3C1BF006C84DA /* GoogleService-Info.plist in Resources */,
			);
			runOnlyForDeploymentPostprocessing = 0;
		};
/* End PBXResourcesBuildPhase section */

/* Begin PBXSourcesBuildPhase section */
		B4A1CA5629C3BD0A006C84DA /* Sources */ = {
			isa = PBXSourcesBuildPhase;
			buildActionMask = 2147483647;
			files = (
				B429400D29C62AE800D71481 /* SettingsView.swift in Sources */,
				B4A1CA6029C3BD0A006C84DA /* ContentView.swift in Sources */,
				B4A1CA5E29C3BD0A006C84DA /* FullFirebaseFunctionsApp.swift in Sources */,
				B429400B29C6147F00D71481 /* RootView.swift in Sources */,
				B4A1CA7729C3CADD006C84DA /* AuthenticationView.swift in Sources */,
				B429400929C4E46700D71481 /* AuthenticationManager.swift in Sources */,
				B434826D29EAE3B6007CDB49 /* Utilities.swift in Sources */,
				B429400729C4E12200D71481 /* SignInEmailView.swift in Sources */,
			);
			runOnlyForDeploymentPostprocessing = 0;
		};
/* End PBXSourcesBuildPhase section */

/* Begin XCBuildConfiguration section */
		B4A1CA6629C3BD0C006C84DA /* Debug */ = {
			isa = XCBuildConfiguration;
			buildSettings = {
				ALWAYS_SEARCH_USER_PATHS = NO;
				CLANG_ANALYZER_NONNULL = YES;
				CLANG_ANALYZER_NUMBER_OBJECT_CONVERSION = YES_AGGRESSIVE;
				CLANG_CXX_LANGUAGE_STANDARD = "gnu++20";
				CLANG_ENABLE_MODULES = YES;
				CLANG_ENABLE_OBJC_ARC = YES;
				CLANG_ENABLE_OBJC_WEAK = YES;
				CLANG_WARN_BLOCK_CAPTURE_AUTORELEASING = YES;
				CLANG_WARN_BOOL_CONVERSION = YES;
				CLANG_WARN_COMMA = YES;
				CLANG_WARN_CONSTANT_CONVERSION = YES;
				CLANG_WARN_DEPRECATED_OBJC_IMPLEMENTATIONS = YES;
				CLANG_WARN_DIRECT_OBJC_ISA_USAGE = YES_ERROR;
				CLANG_WARN_DOCUMENTATION_COMMENTS = YES;
				CLANG_WARN_EMPTY_BODY = YES;
				CLANG_WARN_ENUM_CONVERSION = YES;
				CLANG_WARN_INFINITE_RECURSION = YES;
				CLANG_WARN_INT_CONVERSION = YES;
				CLANG_WARN_NON_LITERAL_NULL_CONVERSION = YES;
				CLANG_WARN_OBJC_IMPLICIT_RETAIN_SELF = YES;
				CLANG_WARN_OBJC_LITERAL_CONVERSION = YES;
				CLANG_WARN_OBJC_ROOT_CLASS = YES_ERROR;
				CLANG_WARN_QUOTED_INCLUDE_IN_FRAMEWORK_HEADER = YES;
				CLANG_WARN_RANGE_LOOP_ANALYSIS = YES;
				CLANG_WARN_STRICT_PROTOTYPES = YES;
				CLANG_WARN_SUSPICIOUS_MOVE = YES;
				CLANG_WARN_UNGUARDED_AVAILABILITY = YES_AGGRESSIVE;
				CLANG_WARN_UNREACHABLE_CODE = YES;
				CLANG_WARN__DUPLICATE_METHOD_MATCH = YES;
				COPY_PHASE_STRIP = NO;
				DEBUG_INFORMATION_FORMAT = dwarf;
				ENABLE_STRICT_OBJC_MSGSEND = YES;
				ENABLE_TESTABILITY = YES;
				GCC_C_LANGUAGE_STANDARD = gnu11;
				GCC_DYNAMIC_NO_PIC = NO;
				GCC_NO_COMMON_BLOCKS = YES;
				GCC_OPTIMIZATION_LEVEL = 0;
				GCC_PREPROCESSOR_DEFINITIONS = (
					"DEBUG=1",
					"$(inherited)",
				);
				GCC_WARN_64_TO_32_BIT_CONVERSION = YES;
				GCC_WARN_ABOUT_RETURN_TYPE = YES_ERROR;
				GCC_WARN_UNDECLARED_SELECTOR = YES;
				GCC_WARN_UNINITIALIZED_AUTOS = YES_AGGRESSIVE;
				GCC_WARN_UNUSED_FUNCTION = YES;
				GCC_WARN_UNUSED_VARIABLE = YES;
				IPHONEOS_DEPLOYMENT_TARGET = 16.2;
				MTL_ENABLE_DEBUG_INFO = INCLUDE_SOURCE;
				MTL_FAST_MATH = YES;
				ONLY_ACTIVE_ARCH = YES;
				SDKROOT = iphoneos;
				SWIFT_ACTIVE_COMPILATION_CONDITIONS = DEBUG;
				SWIFT_OPTIMIZATION_LEVEL = "-Onone";
			};
			name = Debug;
		};
		B4A1CA6729C3BD0C006C84DA /* Release */ = {
			isa = XCBuildConfiguration;
			buildSettings = {
				ALWAYS_SEARCH_USER_PATHS = NO;
				CLANG_ANALYZER_NONNULL = YES;
				CLANG_ANALYZER_NUMBER_OBJECT_CONVERSION = YES_AGGRESSIVE;
				CLANG_CXX_LANGUAGE_STANDARD = "gnu++20";
				CLANG_ENABLE_MODULES = YES;
				CLANG_ENABLE_OBJC_ARC = YES;
				CLANG_ENABLE_OBJC_WEAK = YES;
				CLANG_WARN_BLOCK_CAPTURE_AUTORELEASING = YES;
				CLANG_WARN_BOOL_CONVERSION = YES;
				CLANG_WARN_COMMA = YES;
				CLANG_WARN_CONSTANT_CONVERSION = YES;
				CLANG_WARN_DEPRECATED_OBJC_IMPLEMENTATIONS = YES;
				CLANG_WARN_DIRECT_OBJC_ISA_USAGE = YES_ERROR;
				CLANG_WARN_DOCUMENTATION_COMMENTS = YES;
				CLANG_WARN_EMPTY_BODY = YES;
				CLANG_WARN_ENUM_CONVERSION = YES;
				CLANG_WARN_INFINITE_RECURSION = YES;
				CLANG_WARN_INT_CONVERSION = YES;
				CLANG_WARN_NON_LITERAL_NULL_CONVERSION = YES;
				CLANG_WARN_OBJC_IMPLICIT_RETAIN_SELF = YES;
				CLANG_WARN_OBJC_LITERAL_CONVERSION = YES;
				CLANG_WARN_OBJC_ROOT_CLASS = YES_ERROR;
				CLANG_WARN_QUOTED_INCLUDE_IN_FRAMEWORK_HEADER = YES;
				CLANG_WARN_RANGE_LOOP_ANALYSIS = YES;
				CLANG_WARN_STRICT_PROTOTYPES = YES;
				CLANG_WARN_SUSPICIOUS_MOVE = YES;
				CLANG_WARN_UNGUARDED_AVAILABILITY = YES_AGGRESSIVE;
				CLANG_WARN_UNREACHABLE_CODE = YES;
				CLANG_WARN__DUPLICATE_METHOD_MATCH = YES;
				COPY_PHASE_STRIP = NO;
				DEBUG_INFORMATION_FORMAT = "dwarf-with-dsym";
				ENABLE_NS_ASSERTIONS = NO;
				ENABLE_STRICT_OBJC_MSGSEND = YES;
				GCC_C_LANGUAGE_STANDARD = gnu11;
				GCC_NO_COMMON_BLOCKS = YES;
				GCC_WARN_64_TO_32_BIT_CONVERSION = YES;
				GCC_WARN_ABOUT_RETURN_TYPE = YES_ERROR;
				GCC_WARN_UNDECLARED_SELECTOR = YES;
				GCC_WARN_UNINITIALIZED_AUTOS = YES_AGGRESSIVE;
				GCC_WARN_UNUSED_FUNCTION = YES;
				GCC_WARN_UNUSED_VARIABLE = YES;
				IPHONEOS_DEPLOYMENT_TARGET = 16.2;
				MTL_ENABLE_DEBUG_INFO = NO;
				MTL_FAST_MATH = YES;
				SDKROOT = iphoneos;
				SWIFT_COMPILATION_MODE = wholemodule;
				SWIFT_OPTIMIZATION_LEVEL = "-O";
				VALIDATE_PRODUCT = YES;
			};
			name = Release;
		};
		B4A1CA6929C3BD0C006C84DA /* Debug */ = {
			isa = XCBuildConfiguration;
			buildSettings = {
				ASSETCATALOG_COMPILER_APPICON_NAME = AppIcon;
				ASSETCATALOG_COMPILER_GLOBAL_ACCENT_COLOR_NAME = AccentColor;
				CODE_SIGN_STYLE = Automatic;
				CURRENT_PROJECT_VERSION = 1;
				DEVELOPMENT_ASSET_PATHS = "\"FullFirebaseFunctions/Preview Content\"";
				DEVELOPMENT_TEAM = XRTUKAGRTL;
				ENABLE_PREVIEWS = YES;
				GENERATE_INFOPLIST_FILE = YES;
				INFOPLIST_FILE = FullFirebaseFunctions/Info.plist;
				INFOPLIST_KEY_UIApplicationSceneManifest_Generation = YES;
				INFOPLIST_KEY_UIApplicationSupportsIndirectInputEvents = YES;
				INFOPLIST_KEY_UILaunchScreen_Generation = YES;
				INFOPLIST_KEY_UISupportedInterfaceOrientations_iPad = "UIInterfaceOrientationPortrait UIInterfaceOrientationPortraitUpsideDown UIInterfaceOrientationLandscapeLeft UIInterfaceOrientationLandscapeRight";
				INFOPLIST_KEY_UISupportedInterfaceOrientations_iPhone = "UIInterfaceOrientationPortrait UIInterfaceOrientationLandscapeLeft UIInterfaceOrientationLandscapeRight";
				LD_RUNPATH_SEARCH_PATHS = (
					"$(inherited)",
					"@executable_path/Frameworks",
				);
				MARKETING_VERSION = 1.0;
				PRODUCT_BUNDLE_IDENTIFIER = com.sobol.FullFirebaseFunctions.FullFirebaseFunctions;
				PRODUCT_NAME = "$(TARGET_NAME)";
				SWIFT_EMIT_LOC_STRINGS = YES;
				SWIFT_VERSION = 5.0;
				TARGETED_DEVICE_FAMILY = "1,2";
			};
			name = Debug;
		};
		B4A1CA6A29C3BD0C006C84DA /* Release */ = {
			isa = XCBuildConfiguration;
			buildSettings = {
				ASSETCATALOG_COMPILER_APPICON_NAME = AppIcon;
				ASSETCATALOG_COMPILER_GLOBAL_ACCENT_COLOR_NAME = AccentColor;
				CODE_SIGN_STYLE = Automatic;
				CURRENT_PROJECT_VERSION = 1;
				DEVELOPMENT_ASSET_PATHS = "\"FullFirebaseFunctions/Preview Content\"";
				DEVELOPMENT_TEAM = XRTUKAGRTL;
				ENABLE_PREVIEWS = YES;
				GENERATE_INFOPLIST_FILE = YES;
				INFOPLIST_FILE = FullFirebaseFunctions/Info.plist;
				INFOPLIST_KEY_UIApplicationSceneManifest_Generation = YES;
				INFOPLIST_KEY_UIApplicationSupportsIndirectInputEvents = YES;
				INFOPLIST_KEY_UILaunchScreen_Generation = YES;
				INFOPLIST_KEY_UISupportedInterfaceOrientations_iPad = "UIInterfaceOrientationPortrait UIInterfaceOrientationPortraitUpsideDown UIInterfaceOrientationLandscapeLeft UIInterfaceOrientationLandscapeRight";
				INFOPLIST_KEY_UISupportedInterfaceOrientations_iPhone = "UIInterfaceOrientationPortrait UIInterfaceOrientationLandscapeLeft UIInterfaceOrientationLandscapeRight";
				LD_RUNPATH_SEARCH_PATHS = (
					"$(inherited)",
					"@executable_path/Frameworks",
				);
				MARKETING_VERSION = 1.0;
				PRODUCT_BUNDLE_IDENTIFIER = com.sobol.FullFirebaseFunctions.FullFirebaseFunctions;
				PRODUCT_NAME = "$(TARGET_NAME)";
				SWIFT_EMIT_LOC_STRINGS = YES;
				SWIFT_VERSION = 5.0;
				TARGETED_DEVICE_FAMILY = "1,2";
			};
			name = Release;
		};
/* End XCBuildConfiguration section */

/* Begin XCConfigurationList section */
		B4A1CA5529C3BD0A006C84DA /* Build configuration list for PBXProject "FullFirebaseFunctions" */ = {
			isa = XCConfigurationList;
			buildConfigurations = (
				B4A1CA6629C3BD0C006C84DA /* Debug */,
				B4A1CA6729C3BD0C006C84DA /* Release */,
			);
			defaultConfigurationIsVisible = 0;
			defaultConfigurationName = Release;
		};
		B4A1CA6829C3BD0C006C84DA /* Build configuration list for PBXNativeTarget "FullFirebaseFunctions" */ = {
			isa = XCConfigurationList;
			buildConfigurations = (
				B4A1CA6929C3BD0C006C84DA /* Debug */,
				B4A1CA6A29C3BD0C006C84DA /* Release */,
			);
			defaultConfigurationIsVisible = 0;
			defaultConfigurationName = Release;
		};
/* End XCConfigurationList section */

/* Begin XCRemoteSwiftPackageReference section */
		B434826229EADC04007CDB49 /* XCRemoteSwiftPackageReference "GoogleSignIn-iOS" */ = {
			isa = XCRemoteSwiftPackageReference;
			repositoryURL = "https://github.com/google/GoogleSignIn-iOS.git";
			requirement = {
				kind = upToNextMajorVersion;
				minimumVersion = 7.0.0;
			};
		};
		B4A1CA6D29C3C2E7006C84DA /* XCRemoteSwiftPackageReference "firebase-ios-sdk" */ = {
			isa = XCRemoteSwiftPackageReference;
			repositoryURL = "https://github.com/firebase/firebase-ios-sdk";
			requirement = {
				kind = exactVersion;
				version = 10.4.0;
			};
		};
/* End XCRemoteSwiftPackageReference section */

/* Begin XCSwiftPackageProductDependency section */
		B434826329EADC05007CDB49 /* GoogleSignIn */ = {
			isa = XCSwiftPackageProductDependency;
			package = B434826229EADC04007CDB49 /* XCRemoteSwiftPackageReference "GoogleSignIn-iOS" */;
			productName = GoogleSignIn;
		};
		B434826529EADC05007CDB49 /* GoogleSignInSwift */ = {
			isa = XCSwiftPackageProductDependency;
			package = B434826229EADC04007CDB49 /* XCRemoteSwiftPackageReference "GoogleSignIn-iOS" */;
			productName = GoogleSignInSwift;
		};
		B4A1CA6E29C3C2E7006C84DA /* FirebaseAnalytics */ = {
			isa = XCSwiftPackageProductDependency;
			package = B4A1CA6D29C3C2E7006C84DA /* XCRemoteSwiftPackageReference "firebase-ios-sdk" */;
			productName = FirebaseAnalytics;
		};
		B4A1CA7029C3C2E7006C84DA /* FirebaseAnalyticsSwift */ = {
			isa = XCSwiftPackageProductDependency;
			package = B4A1CA6D29C3C2E7006C84DA /* XCRemoteSwiftPackageReference "firebase-ios-sdk" */;
			productName = FirebaseAnalyticsSwift;
		};
		B4A1CA7329C3C6A1006C84DA /* FirebaseAuth */ = {
			isa = XCSwiftPackageProductDependency;
			package = B4A1CA6D29C3C2E7006C84DA /* XCRemoteSwiftPackageReference "firebase-ios-sdk" */;
			productName = FirebaseAuth;
		};
/* End XCSwiftPackageProductDependency section */
	};
	rootObject = B4A1CA5229C3BD0A006C84DA /* Project object */;
}
